
Microsoft Visual Studio Solution File, Format Version 12.00
# Visual Studio Version 17
VisualStudioVersion = 17.5.33627.172
MinimumVisualStudioVersion = 10.0.40219.1
Project("{FAE04EC0-301F-11D3-BF4B-00C04F79EFBC}") = "GUI_QLBS", "QuanLyBanSach\GUI_QLBS.csproj", "{C19AE050-4F61-4048-B0CF-AD28379C2452}"
EndProject
Project("{FAE04EC0-301F-11D3-BF4B-00C04F79EFBC}") = "DTO_QLBS", "DTO_QLBS\DTO_QLBS.csproj", "{4A1219D9-FBA4-42D5-B8BB-E6D5A5CE5720}"
EndProject
Project("{FAE04EC0-301F-11D3-BF4B-00C04F79EFBC}") = "DAL_QLBS", "DAL_QLBS\DAL_QLBS.csproj", "{5ECC7459-414B-4164-BDF0-A506A6EB7FDF}"
EndProject
Project("{FAE04EC0-301F-11D3-BF4B-00C04F79EFBC}") = "BUS_QLBS", "BUS_QLBS\BUS_QLBS.csproj", "{E091982C-7CD1-444A-98F6-441D8C690B73}"
EndProject
Global
	GlobalSection(SolutionConfigurationPlatforms) = preSolution
		Debug|Any CPU = Debug|Any CPU
		Release|Any CPU = Release|Any CPU
	EndGlobalSection
	GlobalSection(ProjectConfigurationPlatforms) = postSolution
		{C19AE050-4F61-4048-B0CF-AD28379C2452}.Debug|Any CPU.ActiveCfg = Debug|Any CPU
		{C19AE050-4F61-4048-B0CF-AD28379C2452}.Debug|Any CPU.Build.0 = Debug|Any CPU
		{C19AE050-4F61-4048-B0CF-AD28379C2452}.Release|Any CPU.ActiveCfg = Release|Any CPU
		{C19AE050-4F61-4048-B0CF-AD28379C2452}.Release|Any CPU.Build.0 = Release|Any CPU
		{4A1219D9-FBA4-42D5-B8BB-E6D5A5CE5720}.Debug|Any CPU.ActiveCfg = Debug|Any CPU
		{4A1219D9-FBA4-42D5-B8BB-E6D5A5CE5720}.Debug|Any CPU.Build.0 = Debug|Any CPU
		{4A1219D9-FBA4-42D5-B8BB-E6D5A5CE5720}.Release|Any CPU.ActiveCfg = Release|Any CPU
		{4A1219D9-FBA4-42D5-B8BB-E6D5A5CE5720}.Release|Any CPU.Build.0 = Release|Any CPU
		{5ECC7459-414B-4164-BDF0-A506A6EB7FDF}.Debug|Any CPU.ActiveCfg = Debug|Any CPU
		{5ECC7459-414B-4164-BDF0-A506A6EB7FDF}.Debug|Any CPU.Build.0 = Debug|Any CPU
		{5ECC7459-414B-4164-BDF0-A506A6EB7FDF}.Release|Any CPU.ActiveCfg = Release|Any CPU
		{5ECC7459-414B-4164-BDF0-A506A6EB7FDF}.Release|Any CPU.Build.0 = Release|Any CPU
		{E091982C-7CD1-444A-98F6-441D8C690B73}.Debug|Any CPU.ActiveCfg = Debug|Any CPU
		{E091982C-7CD1-444A-98F6-441D8C690B73}.Debug|Any CPU.Build.0 = Debug|Any CPU
		{E091982C-7CD1-444A-98F6-441D8C690B73}.Release|Any CPU.ActiveCfg = Release|Any CPU
		{E091982C-7CD1-444A-98F6-441D8C690B73}.Release|Any CPU.Build.0 = Release|Any CPU
	EndGlobalSection
	GlobalSection(SolutionProperties) = preSolution
		HideSolutionNode = FALSE
	EndGlobalSection
	GlobalSection(ExtensibilityGlobals) = postSolution
		SolutionGuid = {85175E9F-9C98-4797-8688-198373A6CE90}
	EndGlobalSection
EndGlobal
